{
    "_readme": [
        "This file locks the dependencies of your project to a known state",
        "Read more about it at https://getcomposer.org/doc/01-basic-usage.md#composer-lock-the-lock-file",
        "This file is @generated automatically"
    ],
    "hash": "4e5218f864f7f667ef897618831b2532",
    "content-hash": "4826d1b79df7fbeb873cfb9e04bc1004",
    "packages": [
        {
            "name": "simplon/mysql",
            "version": "1.3.1",
            "source": {
                "type": "git",
                "url": "https://github.com/fightbulc/simplon_mysql.git",
                "reference": "5a7cbbc5e7dee55c07ff5536afb9b072c492d54d"
            },
            "dist": {
                "type": "zip",
                "url": "http://packagist.phpcomposer.com/files/fightbulc/simplon_mysql/5a7cbbc5e7dee55c07ff5536afb9b072c492d54d.zip",
                "reference": "5a7cbbc5e7dee55c07ff5536afb9b072c492d54d",
                "shasum": ""
            },
            "require": {
                "ext-pdo": "*",
                "php": ">=5.4"
            },
            "type": "library",
            "autoload": {
                "psr-4": {
                    "Simplon\\Mysql\\": "src/"
                }
            },
            "notification-url": "https://packagist.org/downloads/",
            "license": [
                "MIT"
            ],
            "authors": [
                {
                    "name": "Tino Ehrich",
                    "email": "tino@bigpun.me",
                    "role": "developer"
                }
            ],
            "description": "Simplon MySQL Library",
            "homepage": "https://github.com/fightbulc/simplon_mysql",
            "keywords": [
                "db",
                "manager",
                "mysql",
                "pdo"
            ],
            "time": "2015-11-26 10:33:53"
        }
    ],
    "packages-dev": [],
    "aliases": [],
    "minimum-stability": "stable",
    "stability-flags": [],
    "prefer-stable": false,
    "prefer-lowest": false,
    "platform": [],
    "platform-dev": []
}
